
Microsoft Visual Studio Solution File, Format Version 11.00
# Visual Studio 2010
Project("{FAE04EC0-301F-11D3-BF4B-00C04F79EFBC}") = "FieldService.Android", "FieldService.Android\FieldService.Android.csproj", "{99059E7A-2890-4B1D-B3BD-6F7C05D9C5A1}"
EndProject
Global
	GlobalSection(SolutionConfigurationPlatforms) = preSolution
		Debug|Any CPU = Debug|Any CPU
		Release|Any CPU = Release|Any CPU
	EndGlobalSection
	GlobalSection(ProjectConfigurationPlatforms) = postSolution
		{99059E7A-2890-4B1D-B3BD-6F7C05D9C5A1}.Debug|Any CPU.ActiveCfg = Debug|Any CPU
		{99059E7A-2890-4B1D-B3BD-6F7C05D9C5A1}.Debug|Any CPU.Build.0 = Debug|Any CPU
		{99059E7A-2890-4B1D-B3BD-6F7C05D9C5A1}.Release|Any CPU.ActiveCfg = Release|Any CPU
		{99059E7A-2890-4B1D-B3BD-6F7C05D9C5A1}.Release|Any CPU.Build.0 = Release|Any CPU
	EndGlobalSection
	GlobalSection(MonoDevelopProperties) = preSolution
		StartupItem = FieldService.Android\FieldService.Android.csproj
	EndGlobalSection
EndGlobal
