
Microsoft Visual Studio Solution File, Format Version 11.00
# Visual Studio 2010
Project("{FAE04EC0-301F-11D3-BF4B-00C04F79EFBC}") = "FieldService.iOS", "FieldService.iOS\FieldService.iOS.csproj", "{51E5A2E8-A8CE-42D0-A445-EE8B43E08B76}"
EndProject
Project("{FAE04EC0-301F-11D3-BF4B-00C04F79EFBC}") = "FieldService", "FieldService\FieldService.csproj", "{F7D8232D-888B-4D40-84F2-EABD83E4D2B1}"
EndProject
Project("{FAE04EC0-301F-11D3-BF4B-00C04F79EFBC}") = "FieldService.Android", "FieldService.Android\FieldService.Android.csproj", "{99059E7A-2890-4B1D-B3BD-6F7C05D9C5A1}"
EndProject
Global
	GlobalSection(SolutionConfigurationPlatforms) = preSolution
		Debug|iPhoneSimulator = Debug|iPhoneSimulator
		Release|iPhoneSimulator = Release|iPhoneSimulator
		Debug|iPhone = Debug|iPhone
		Release|iPhone = Release|iPhone
		Ad-Hoc|iPhone = Ad-Hoc|iPhone
		AppStore|iPhone = AppStore|iPhone
	EndGlobalSection
	GlobalSection(ProjectConfigurationPlatforms) = postSolution
		{51E5A2E8-A8CE-42D0-A445-EE8B43E08B76}.Ad-Hoc|iPhone.ActiveCfg = Ad-Hoc|iPhone
		{51E5A2E8-A8CE-42D0-A445-EE8B43E08B76}.Ad-Hoc|iPhone.Build.0 = Ad-Hoc|iPhone
		{51E5A2E8-A8CE-42D0-A445-EE8B43E08B76}.AppStore|iPhone.ActiveCfg = AppStore|iPhone
		{51E5A2E8-A8CE-42D0-A445-EE8B43E08B76}.AppStore|iPhone.Build.0 = AppStore|iPhone
		{51E5A2E8-A8CE-42D0-A445-EE8B43E08B76}.Debug|iPhone.ActiveCfg = Debug|iPhone
		{51E5A2E8-A8CE-42D0-A445-EE8B43E08B76}.Debug|iPhone.Build.0 = Debug|iPhone
		{51E5A2E8-A8CE-42D0-A445-EE8B43E08B76}.Debug|iPhoneSimulator.ActiveCfg = Debug|iPhoneSimulator
		{51E5A2E8-A8CE-42D0-A445-EE8B43E08B76}.Debug|iPhoneSimulator.Build.0 = Debug|iPhoneSimulator
		{51E5A2E8-A8CE-42D0-A445-EE8B43E08B76}.Release|iPhone.ActiveCfg = Release|iPhone
		{51E5A2E8-A8CE-42D0-A445-EE8B43E08B76}.Release|iPhone.Build.0 = Release|iPhone
		{51E5A2E8-A8CE-42D0-A445-EE8B43E08B76}.Release|iPhoneSimulator.ActiveCfg = Release|iPhoneSimulator
		{51E5A2E8-A8CE-42D0-A445-EE8B43E08B76}.Release|iPhoneSimulator.Build.0 = Release|iPhoneSimulator
		{99059E7A-2890-4B1D-B3BD-6F7C05D9C5A1}.Ad-Hoc|iPhone.ActiveCfg = Release|Any CPU
		{99059E7A-2890-4B1D-B3BD-6F7C05D9C5A1}.Ad-Hoc|iPhone.Build.0 = Release|Any CPU
		{99059E7A-2890-4B1D-B3BD-6F7C05D9C5A1}.AppStore|iPhone.ActiveCfg = Release|Any CPU
		{99059E7A-2890-4B1D-B3BD-6F7C05D9C5A1}.AppStore|iPhone.Build.0 = Release|Any CPU
		{99059E7A-2890-4B1D-B3BD-6F7C05D9C5A1}.Debug|iPhone.ActiveCfg = Debug|Any CPU
		{99059E7A-2890-4B1D-B3BD-6F7C05D9C5A1}.Debug|iPhone.Build.0 = Debug|Any CPU
		{99059E7A-2890-4B1D-B3BD-6F7C05D9C5A1}.Debug|iPhoneSimulator.ActiveCfg = Debug|Any CPU
		{99059E7A-2890-4B1D-B3BD-6F7C05D9C5A1}.Debug|iPhoneSimulator.Build.0 = Debug|Any CPU
		{99059E7A-2890-4B1D-B3BD-6F7C05D9C5A1}.Release|iPhone.ActiveCfg = Release|Any CPU
		{99059E7A-2890-4B1D-B3BD-6F7C05D9C5A1}.Release|iPhone.Build.0 = Release|Any CPU
		{99059E7A-2890-4B1D-B3BD-6F7C05D9C5A1}.Release|iPhoneSimulator.ActiveCfg = Release|Any CPU
		{99059E7A-2890-4B1D-B3BD-6F7C05D9C5A1}.Release|iPhoneSimulator.Build.0 = Release|Any CPU
		{F7D8232D-888B-4D40-84F2-EABD83E4D2B1}.Ad-Hoc|iPhone.ActiveCfg = Debug|Any CPU
		{F7D8232D-888B-4D40-84F2-EABD83E4D2B1}.Ad-Hoc|iPhone.Build.0 = Debug|Any CPU
		{F7D8232D-888B-4D40-84F2-EABD83E4D2B1}.AppStore|iPhone.ActiveCfg = Debug|Any CPU
		{F7D8232D-888B-4D40-84F2-EABD83E4D2B1}.AppStore|iPhone.Build.0 = Debug|Any CPU
		{F7D8232D-888B-4D40-84F2-EABD83E4D2B1}.Debug|iPhone.ActiveCfg = Debug|Any CPU
		{F7D8232D-888B-4D40-84F2-EABD83E4D2B1}.Debug|iPhone.Build.0 = Debug|Any CPU
		{F7D8232D-888B-4D40-84F2-EABD83E4D2B1}.Debug|iPhoneSimulator.ActiveCfg = Debug|Any CPU
		{F7D8232D-888B-4D40-84F2-EABD83E4D2B1}.Debug|iPhoneSimulator.Build.0 = Debug|Any CPU
		{F7D8232D-888B-4D40-84F2-EABD83E4D2B1}.Release|iPhone.ActiveCfg = Release|Any CPU
		{F7D8232D-888B-4D40-84F2-EABD83E4D2B1}.Release|iPhone.Build.0 = Release|Any CPU
		{F7D8232D-888B-4D40-84F2-EABD83E4D2B1}.Release|iPhoneSimulator.ActiveCfg = Release|Any CPU
		{F7D8232D-888B-4D40-84F2-EABD83E4D2B1}.Release|iPhoneSimulator.Build.0 = Release|Any CPU
	EndGlobalSection
	GlobalSection(MonoDevelopProperties) = preSolution
		StartupItem = FieldService.iOS\FieldService.iOS.csproj
		Policies = $0
		$0.TextStylePolicy = $1
		$1.inheritsSet = Mono
		$1.inheritsScope = text/plain
		$1.scope = text/x-csharp
		$0.CSharpFormattingPolicy = $2
		$2.inheritsSet = Mono
		$2.inheritsScope = text/x-csharp
		$2.scope = text/x-csharp
		$0.TextStylePolicy = $3
		$3.inheritsSet = Mono
		$3.inheritsScope = text/plain
		$3.scope = text/plain
		$0.TextStylePolicy = $4
		$4.inheritsSet = Mono
		$4.inheritsScope = text/plain
		$4.scope = application/vnd.apple-xcode-storyboard
		$0.XmlFormattingPolicy = $5
		$5.inheritsSet = Mono
		$5.inheritsScope = application/xml
		$5.scope = application/vnd.apple-xcode-storyboard
		$0.TextStylePolicy = $6
		$6.inheritsSet = Mono
		$6.inheritsScope = text/plain
		$6.scope = application/xml
		$0.XmlFormattingPolicy = $7
		$7.inheritsSet = Mono
		$7.inheritsScope = application/xml
		$7.scope = application/xml
		$0.StandardHeader = $8
		$8.Text = @\n Copyright ${Year}  Xamarin Inc.\n\n   Licensed under the Apache License, Version 2.0 (the "License");\n   you may not use this file except in compliance with the License.\n   You may obtain a copy of the License at\n\n       http://www.apache.org/licenses/LICENSE-2.0\n\n   Unless required by applicable law or agreed to in writing, software\n   distributed under the License is distributed on an "AS IS" BASIS,\n   WITHOUT WARRANTIES OR CONDITIONS OF ANY KIND, either express or implied.\n   See the License for the specific language governing permissions and\n   limitations under the License.
		$8.IncludeInNewFiles = True
	EndGlobalSection
EndGlobal
