
Microsoft Visual Studio Solution File, Format Version 12.00
# Visual Studio 2012
Project("{FAE04EC0-301F-11D3-BF4B-00C04F79EFBC}") = "FieldService.Tests", "FieldService.Tests\FieldService.Tests.csproj", "{A2A3AEB0-35CF-43EF-BFFB-75A3CC96C2D2}"
EndProject
Project("{FAE04EC0-301F-11D3-BF4B-00C04F79EFBC}") = "FieldService", "FieldService\FieldService.csproj", "{F7D8232D-888B-4D40-84F2-EABD83E4D2B1}"
EndProject
Global
	GlobalSection(SolutionConfigurationPlatforms) = preSolution
		Debug|Any CPU = Debug|Any CPU
		Release|Any CPU = Release|Any CPU
	EndGlobalSection
	GlobalSection(ProjectConfigurationPlatforms) = postSolution
		{A2A3AEB0-35CF-43EF-BFFB-75A3CC96C2D2}.Debug|Any CPU.ActiveCfg = Debug|Any CPU
		{A2A3AEB0-35CF-43EF-BFFB-75A3CC96C2D2}.Debug|Any CPU.Build.0 = Debug|Any CPU
		{A2A3AEB0-35CF-43EF-BFFB-75A3CC96C2D2}.Release|Any CPU.ActiveCfg = Release|Any CPU
		{A2A3AEB0-35CF-43EF-BFFB-75A3CC96C2D2}.Release|Any CPU.Build.0 = Release|Any CPU
		{F7D8232D-888B-4D40-84F2-EABD83E4D2B1}.Debug|Any CPU.ActiveCfg = Debug|Any CPU
		{F7D8232D-888B-4D40-84F2-EABD83E4D2B1}.Debug|Any CPU.Build.0 = Debug|Any CPU
		{F7D8232D-888B-4D40-84F2-EABD83E4D2B1}.Release|Any CPU.ActiveCfg = Release|Any CPU
		{F7D8232D-888B-4D40-84F2-EABD83E4D2B1}.Release|Any CPU.Build.0 = Release|Any CPU
	EndGlobalSection
	GlobalSection(SolutionProperties) = preSolution
		HideSolutionNode = FALSE
	EndGlobalSection
EndGlobal
