
Microsoft Visual Studio Solution File, Format Version 12.00
# Visual Studio 2013
VisualStudioVersion = 12.0.30110.0
MinimumVisualStudioVersion = 10.0.40219.1
Project("{FAE04EC0-301F-11D3-BF4B-00C04F79EFBC}") = "FieldService.Tests", "FieldService.Tests\FieldService.Tests.csproj", "{A2A3AEB0-35CF-43EF-BFFB-75A3CC96C2D2}"
EndProject
Project("{FAE04EC0-301F-11D3-BF4B-00C04F79EFBC}") = "FieldService", "FieldService\FieldService.csproj", "{F7D8232D-888B-4D40-84F2-EABD83E4D2B1}"
EndProject
Project("{FAE04EC0-301F-11D3-BF4B-00C04F79EFBC}") = "FieldService.WinRT", "FieldService.WinRT\FieldService.WinRT.csproj", "{30030704-F957-4F3D-9C9A-5168688441D9}"
EndProject
Project("{FAE04EC0-301F-11D3-BF4B-00C04F79EFBC}") = "FieldService.Android", "FieldService.Android\FieldService.Android.csproj", "{99059E7A-2890-4B1D-B3BD-6F7C05D9C5A1}"
EndProject
Project("{2150E333-8FDC-42A3-9474-1A3956D46DE8}") = ".nuget", ".nuget", "{40A953AF-0087-4865-93AC-C428266A217D}"
	ProjectSection(SolutionItems) = preProject
		.nuget\NuGet.Config = .nuget\NuGet.Config
		.nuget\NuGet.exe = .nuget\NuGet.exe
		.nuget\NuGet.targets = .nuget\NuGet.targets
	EndProjectSection
EndProject
Project("{FAE04EC0-301F-11D3-BF4B-00C04F79EFBC}") = "FieldService.iOS", "FieldService.iOS\FieldService.iOS.csproj", "{51E5A2E8-A8CE-42D0-A445-EE8B43E08B76}"
EndProject
Global
	GlobalSection(SolutionConfigurationPlatforms) = preSolution
		Ad-Hoc|Any CPU = Ad-Hoc|Any CPU
		Ad-Hoc|ARM = Ad-Hoc|ARM
		Ad-Hoc|iPhone = Ad-Hoc|iPhone
		Ad-Hoc|iPhoneSimulator = Ad-Hoc|iPhoneSimulator
		Ad-Hoc|Mixed Platforms = Ad-Hoc|Mixed Platforms
		Ad-Hoc|x64 = Ad-Hoc|x64
		Ad-Hoc|x86 = Ad-Hoc|x86
		AppStore|Any CPU = AppStore|Any CPU
		AppStore|ARM = AppStore|ARM
		AppStore|iPhone = AppStore|iPhone
		AppStore|iPhoneSimulator = AppStore|iPhoneSimulator
		AppStore|Mixed Platforms = AppStore|Mixed Platforms
		AppStore|x64 = AppStore|x64
		AppStore|x86 = AppStore|x86
		Debug|Any CPU = Debug|Any CPU
		Debug|ARM = Debug|ARM
		Debug|iPhone = Debug|iPhone
		Debug|iPhoneSimulator = Debug|iPhoneSimulator
		Debug|Mixed Platforms = Debug|Mixed Platforms
		Debug|x64 = Debug|x64
		Debug|x86 = Debug|x86
		Release|Any CPU = Release|Any CPU
		Release|ARM = Release|ARM
		Release|iPhone = Release|iPhone
		Release|iPhoneSimulator = Release|iPhoneSimulator
		Release|Mixed Platforms = Release|Mixed Platforms
		Release|x64 = Release|x64
		Release|x86 = Release|x86
	EndGlobalSection
	GlobalSection(ProjectConfigurationPlatforms) = postSolution
		{A2A3AEB0-35CF-43EF-BFFB-75A3CC96C2D2}.Ad-Hoc|Any CPU.ActiveCfg = Release|Any CPU
		{A2A3AEB0-35CF-43EF-BFFB-75A3CC96C2D2}.Ad-Hoc|Any CPU.Build.0 = Release|Any CPU
		{A2A3AEB0-35CF-43EF-BFFB-75A3CC96C2D2}.Ad-Hoc|ARM.ActiveCfg = Release|Any CPU
		{A2A3AEB0-35CF-43EF-BFFB-75A3CC96C2D2}.Ad-Hoc|iPhone.ActiveCfg = Release|Any CPU
		{A2A3AEB0-35CF-43EF-BFFB-75A3CC96C2D2}.Ad-Hoc|iPhoneSimulator.ActiveCfg = Release|Any CPU
		{A2A3AEB0-35CF-43EF-BFFB-75A3CC96C2D2}.Ad-Hoc|Mixed Platforms.ActiveCfg = Release|Any CPU
		{A2A3AEB0-35CF-43EF-BFFB-75A3CC96C2D2}.Ad-Hoc|Mixed Platforms.Build.0 = Release|Any CPU
		{A2A3AEB0-35CF-43EF-BFFB-75A3CC96C2D2}.Ad-Hoc|x64.ActiveCfg = Release|Any CPU
		{A2A3AEB0-35CF-43EF-BFFB-75A3CC96C2D2}.Ad-Hoc|x86.ActiveCfg = Release|Any CPU
		{A2A3AEB0-35CF-43EF-BFFB-75A3CC96C2D2}.AppStore|Any CPU.ActiveCfg = Release|Any CPU
		{A2A3AEB0-35CF-43EF-BFFB-75A3CC96C2D2}.AppStore|Any CPU.Build.0 = Release|Any CPU
		{A2A3AEB0-35CF-43EF-BFFB-75A3CC96C2D2}.AppStore|ARM.ActiveCfg = Release|Any CPU
		{A2A3AEB0-35CF-43EF-BFFB-75A3CC96C2D2}.AppStore|iPhone.ActiveCfg = Release|Any CPU
		{A2A3AEB0-35CF-43EF-BFFB-75A3CC96C2D2}.AppStore|iPhoneSimulator.ActiveCfg = Release|Any CPU
		{A2A3AEB0-35CF-43EF-BFFB-75A3CC96C2D2}.AppStore|Mixed Platforms.ActiveCfg = Release|Any CPU
		{A2A3AEB0-35CF-43EF-BFFB-75A3CC96C2D2}.AppStore|Mixed Platforms.Build.0 = Release|Any CPU
		{A2A3AEB0-35CF-43EF-BFFB-75A3CC96C2D2}.AppStore|x64.ActiveCfg = Release|Any CPU
		{A2A3AEB0-35CF-43EF-BFFB-75A3CC96C2D2}.AppStore|x86.ActiveCfg = Release|Any CPU
		{A2A3AEB0-35CF-43EF-BFFB-75A3CC96C2D2}.Debug|Any CPU.ActiveCfg = Debug|Any CPU
		{A2A3AEB0-35CF-43EF-BFFB-75A3CC96C2D2}.Debug|Any CPU.Build.0 = Debug|Any CPU
		{A2A3AEB0-35CF-43EF-BFFB-75A3CC96C2D2}.Debug|ARM.ActiveCfg = Debug|Any CPU
		{A2A3AEB0-35CF-43EF-BFFB-75A3CC96C2D2}.Debug|iPhone.ActiveCfg = Debug|Any CPU
		{A2A3AEB0-35CF-43EF-BFFB-75A3CC96C2D2}.Debug|iPhoneSimulator.ActiveCfg = Debug|Any CPU
		{A2A3AEB0-35CF-43EF-BFFB-75A3CC96C2D2}.Debug|Mixed Platforms.ActiveCfg = Debug|Any CPU
		{A2A3AEB0-35CF-43EF-BFFB-75A3CC96C2D2}.Debug|Mixed Platforms.Build.0 = Debug|Any CPU
		{A2A3AEB0-35CF-43EF-BFFB-75A3CC96C2D2}.Debug|x64.ActiveCfg = Debug|Any CPU
		{A2A3AEB0-35CF-43EF-BFFB-75A3CC96C2D2}.Debug|x86.ActiveCfg = Debug|Any CPU
		{A2A3AEB0-35CF-43EF-BFFB-75A3CC96C2D2}.Release|Any CPU.ActiveCfg = Release|Any CPU
		{A2A3AEB0-35CF-43EF-BFFB-75A3CC96C2D2}.Release|Any CPU.Build.0 = Release|Any CPU
		{A2A3AEB0-35CF-43EF-BFFB-75A3CC96C2D2}.Release|ARM.ActiveCfg = Release|Any CPU
		{A2A3AEB0-35CF-43EF-BFFB-75A3CC96C2D2}.Release|iPhone.ActiveCfg = Release|Any CPU
		{A2A3AEB0-35CF-43EF-BFFB-75A3CC96C2D2}.Release|iPhoneSimulator.ActiveCfg = Release|Any CPU
		{A2A3AEB0-35CF-43EF-BFFB-75A3CC96C2D2}.Release|Mixed Platforms.ActiveCfg = Release|Any CPU
		{A2A3AEB0-35CF-43EF-BFFB-75A3CC96C2D2}.Release|Mixed Platforms.Build.0 = Release|Any CPU
		{A2A3AEB0-35CF-43EF-BFFB-75A3CC96C2D2}.Release|x64.ActiveCfg = Release|Any CPU
		{A2A3AEB0-35CF-43EF-BFFB-75A3CC96C2D2}.Release|x86.ActiveCfg = Release|Any CPU
		{F7D8232D-888B-4D40-84F2-EABD83E4D2B1}.Ad-Hoc|Any CPU.ActiveCfg = Release|Any CPU
		{F7D8232D-888B-4D40-84F2-EABD83E4D2B1}.Ad-Hoc|Any CPU.Build.0 = Release|Any CPU
		{F7D8232D-888B-4D40-84F2-EABD83E4D2B1}.Ad-Hoc|ARM.ActiveCfg = Release|Any CPU
		{F7D8232D-888B-4D40-84F2-EABD83E4D2B1}.Ad-Hoc|iPhone.ActiveCfg = Release|Any CPU
		{F7D8232D-888B-4D40-84F2-EABD83E4D2B1}.Ad-Hoc|iPhoneSimulator.ActiveCfg = Release|Any CPU
		{F7D8232D-888B-4D40-84F2-EABD83E4D2B1}.Ad-Hoc|Mixed Platforms.ActiveCfg = Release|Any CPU
		{F7D8232D-888B-4D40-84F2-EABD83E4D2B1}.Ad-Hoc|Mixed Platforms.Build.0 = Release|Any CPU
		{F7D8232D-888B-4D40-84F2-EABD83E4D2B1}.Ad-Hoc|x64.ActiveCfg = Release|Any CPU
		{F7D8232D-888B-4D40-84F2-EABD83E4D2B1}.Ad-Hoc|x86.ActiveCfg = Release|Any CPU
		{F7D8232D-888B-4D40-84F2-EABD83E4D2B1}.AppStore|Any CPU.ActiveCfg = Release|Any CPU
		{F7D8232D-888B-4D40-84F2-EABD83E4D2B1}.AppStore|Any CPU.Build.0 = Release|Any CPU
		{F7D8232D-888B-4D40-84F2-EABD83E4D2B1}.AppStore|ARM.ActiveCfg = Release|Any CPU
		{F7D8232D-888B-4D40-84F2-EABD83E4D2B1}.AppStore|iPhone.ActiveCfg = Release|Any CPU
		{F7D8232D-888B-4D40-84F2-EABD83E4D2B1}.AppStore|iPhoneSimulator.ActiveCfg = Release|Any CPU
		{F7D8232D-888B-4D40-84F2-EABD83E4D2B1}.AppStore|Mixed Platforms.ActiveCfg = Release|Any CPU
		{F7D8232D-888B-4D40-84F2-EABD83E4D2B1}.AppStore|Mixed Platforms.Build.0 = Release|Any CPU
		{F7D8232D-888B-4D40-84F2-EABD83E4D2B1}.AppStore|x64.ActiveCfg = Release|Any CPU
		{F7D8232D-888B-4D40-84F2-EABD83E4D2B1}.AppStore|x86.ActiveCfg = Release|Any CPU
		{F7D8232D-888B-4D40-84F2-EABD83E4D2B1}.Debug|Any CPU.ActiveCfg = Debug|Any CPU
		{F7D8232D-888B-4D40-84F2-EABD83E4D2B1}.Debug|Any CPU.Build.0 = Debug|Any CPU
		{F7D8232D-888B-4D40-84F2-EABD83E4D2B1}.Debug|ARM.ActiveCfg = Debug|Any CPU
		{F7D8232D-888B-4D40-84F2-EABD83E4D2B1}.Debug|iPhone.ActiveCfg = Debug|Any CPU
		{F7D8232D-888B-4D40-84F2-EABD83E4D2B1}.Debug|iPhoneSimulator.ActiveCfg = Debug|Any CPU
		{F7D8232D-888B-4D40-84F2-EABD83E4D2B1}.Debug|Mixed Platforms.ActiveCfg = Debug|Any CPU
		{F7D8232D-888B-4D40-84F2-EABD83E4D2B1}.Debug|Mixed Platforms.Build.0 = Debug|Any CPU
		{F7D8232D-888B-4D40-84F2-EABD83E4D2B1}.Debug|x64.ActiveCfg = Debug|Any CPU
		{F7D8232D-888B-4D40-84F2-EABD83E4D2B1}.Debug|x86.ActiveCfg = Debug|Any CPU
		{F7D8232D-888B-4D40-84F2-EABD83E4D2B1}.Release|Any CPU.ActiveCfg = Release|Any CPU
		{F7D8232D-888B-4D40-84F2-EABD83E4D2B1}.Release|Any CPU.Build.0 = Release|Any CPU
		{F7D8232D-888B-4D40-84F2-EABD83E4D2B1}.Release|ARM.ActiveCfg = Release|Any CPU
		{F7D8232D-888B-4D40-84F2-EABD83E4D2B1}.Release|iPhone.ActiveCfg = Release|Any CPU
		{F7D8232D-888B-4D40-84F2-EABD83E4D2B1}.Release|iPhoneSimulator.ActiveCfg = Release|Any CPU
		{F7D8232D-888B-4D40-84F2-EABD83E4D2B1}.Release|Mixed Platforms.ActiveCfg = Release|Any CPU
		{F7D8232D-888B-4D40-84F2-EABD83E4D2B1}.Release|Mixed Platforms.Build.0 = Release|Any CPU
		{F7D8232D-888B-4D40-84F2-EABD83E4D2B1}.Release|x64.ActiveCfg = Release|Any CPU
		{F7D8232D-888B-4D40-84F2-EABD83E4D2B1}.Release|x86.ActiveCfg = Release|Any CPU
		{30030704-F957-4F3D-9C9A-5168688441D9}.Ad-Hoc|Any CPU.ActiveCfg = Release|Any CPU
		{30030704-F957-4F3D-9C9A-5168688441D9}.Ad-Hoc|Any CPU.Build.0 = Release|Any CPU
		{30030704-F957-4F3D-9C9A-5168688441D9}.Ad-Hoc|Any CPU.Deploy.0 = Release|Any CPU
		{30030704-F957-4F3D-9C9A-5168688441D9}.Ad-Hoc|ARM.ActiveCfg = Release|ARM
		{30030704-F957-4F3D-9C9A-5168688441D9}.Ad-Hoc|ARM.Build.0 = Release|ARM
		{30030704-F957-4F3D-9C9A-5168688441D9}.Ad-Hoc|ARM.Deploy.0 = Release|ARM
		{30030704-F957-4F3D-9C9A-5168688441D9}.Ad-Hoc|iPhone.ActiveCfg = Release|Any CPU
		{30030704-F957-4F3D-9C9A-5168688441D9}.Ad-Hoc|iPhoneSimulator.ActiveCfg = Release|Any CPU
		{30030704-F957-4F3D-9C9A-5168688441D9}.Ad-Hoc|Mixed Platforms.ActiveCfg = Release|x86
		{30030704-F957-4F3D-9C9A-5168688441D9}.Ad-Hoc|Mixed Platforms.Build.0 = Release|x86
		{30030704-F957-4F3D-9C9A-5168688441D9}.Ad-Hoc|Mixed Platforms.Deploy.0 = Release|x86
		{30030704-F957-4F3D-9C9A-5168688441D9}.Ad-Hoc|x64.ActiveCfg = Release|x64
		{30030704-F957-4F3D-9C9A-5168688441D9}.Ad-Hoc|x64.Build.0 = Release|x64
		{30030704-F957-4F3D-9C9A-5168688441D9}.Ad-Hoc|x64.Deploy.0 = Release|x64
		{30030704-F957-4F3D-9C9A-5168688441D9}.Ad-Hoc|x86.ActiveCfg = Release|x86
		{30030704-F957-4F3D-9C9A-5168688441D9}.Ad-Hoc|x86.Build.0 = Release|x86
		{30030704-F957-4F3D-9C9A-5168688441D9}.Ad-Hoc|x86.Deploy.0 = Release|x86
		{30030704-F957-4F3D-9C9A-5168688441D9}.AppStore|Any CPU.ActiveCfg = Release|Any CPU
		{30030704-F957-4F3D-9C9A-5168688441D9}.AppStore|Any CPU.Build.0 = Release|Any CPU
		{30030704-F957-4F3D-9C9A-5168688441D9}.AppStore|Any CPU.Deploy.0 = Release|Any CPU
		{30030704-F957-4F3D-9C9A-5168688441D9}.AppStore|ARM.ActiveCfg = Release|ARM
		{30030704-F957-4F3D-9C9A-5168688441D9}.AppStore|ARM.Build.0 = Release|ARM
		{30030704-F957-4F3D-9C9A-5168688441D9}.AppStore|ARM.Deploy.0 = Release|ARM
		{30030704-F957-4F3D-9C9A-5168688441D9}.AppStore|iPhone.ActiveCfg = Release|Any CPU
		{30030704-F957-4F3D-9C9A-5168688441D9}.AppStore|iPhoneSimulator.ActiveCfg = Release|Any CPU
		{30030704-F957-4F3D-9C9A-5168688441D9}.AppStore|Mixed Platforms.ActiveCfg = Release|x86
		{30030704-F957-4F3D-9C9A-5168688441D9}.AppStore|Mixed Platforms.Build.0 = Release|x86
		{30030704-F957-4F3D-9C9A-5168688441D9}.AppStore|Mixed Platforms.Deploy.0 = Release|x86
		{30030704-F957-4F3D-9C9A-5168688441D9}.AppStore|x64.ActiveCfg = Release|x64
		{30030704-F957-4F3D-9C9A-5168688441D9}.AppStore|x64.Build.0 = Release|x64
		{30030704-F957-4F3D-9C9A-5168688441D9}.AppStore|x64.Deploy.0 = Release|x64
		{30030704-F957-4F3D-9C9A-5168688441D9}.AppStore|x86.ActiveCfg = Release|x86
		{30030704-F957-4F3D-9C9A-5168688441D9}.AppStore|x86.Build.0 = Release|x86
		{30030704-F957-4F3D-9C9A-5168688441D9}.AppStore|x86.Deploy.0 = Release|x86
		{30030704-F957-4F3D-9C9A-5168688441D9}.Debug|Any CPU.ActiveCfg = Debug|Any CPU
		{30030704-F957-4F3D-9C9A-5168688441D9}.Debug|Any CPU.Build.0 = Debug|Any CPU
		{30030704-F957-4F3D-9C9A-5168688441D9}.Debug|Any CPU.Deploy.0 = Debug|Any CPU
		{30030704-F957-4F3D-9C9A-5168688441D9}.Debug|ARM.ActiveCfg = Debug|ARM
		{30030704-F957-4F3D-9C9A-5168688441D9}.Debug|ARM.Build.0 = Debug|ARM
		{30030704-F957-4F3D-9C9A-5168688441D9}.Debug|ARM.Deploy.0 = Debug|ARM
		{30030704-F957-4F3D-9C9A-5168688441D9}.Debug|iPhone.ActiveCfg = Debug|Any CPU
		{30030704-F957-4F3D-9C9A-5168688441D9}.Debug|iPhoneSimulator.ActiveCfg = Debug|Any CPU
		{30030704-F957-4F3D-9C9A-5168688441D9}.Debug|Mixed Platforms.ActiveCfg = Debug|x86
		{30030704-F957-4F3D-9C9A-5168688441D9}.Debug|Mixed Platforms.Build.0 = Debug|x86
		{30030704-F957-4F3D-9C9A-5168688441D9}.Debug|Mixed Platforms.Deploy.0 = Debug|x86
		{30030704-F957-4F3D-9C9A-5168688441D9}.Debug|x64.ActiveCfg = Debug|x64
		{30030704-F957-4F3D-9C9A-5168688441D9}.Debug|x64.Build.0 = Debug|x64
		{30030704-F957-4F3D-9C9A-5168688441D9}.Debug|x64.Deploy.0 = Debug|x64
		{30030704-F957-4F3D-9C9A-5168688441D9}.Debug|x86.ActiveCfg = Debug|x86
		{30030704-F957-4F3D-9C9A-5168688441D9}.Debug|x86.Build.0 = Debug|x86
		{30030704-F957-4F3D-9C9A-5168688441D9}.Debug|x86.Deploy.0 = Debug|x86
		{30030704-F957-4F3D-9C9A-5168688441D9}.Release|Any CPU.ActiveCfg = Release|Any CPU
		{30030704-F957-4F3D-9C9A-5168688441D9}.Release|Any CPU.Build.0 = Release|Any CPU
		{30030704-F957-4F3D-9C9A-5168688441D9}.Release|Any CPU.Deploy.0 = Release|Any CPU
		{30030704-F957-4F3D-9C9A-5168688441D9}.Release|ARM.ActiveCfg = Release|ARM
		{30030704-F957-4F3D-9C9A-5168688441D9}.Release|ARM.Build.0 = Release|ARM
		{30030704-F957-4F3D-9C9A-5168688441D9}.Release|ARM.Deploy.0 = Release|ARM
		{30030704-F957-4F3D-9C9A-5168688441D9}.Release|iPhone.ActiveCfg = Release|Any CPU
		{30030704-F957-4F3D-9C9A-5168688441D9}.Release|iPhoneSimulator.ActiveCfg = Release|Any CPU
		{30030704-F957-4F3D-9C9A-5168688441D9}.Release|Mixed Platforms.ActiveCfg = Release|x86
		{30030704-F957-4F3D-9C9A-5168688441D9}.Release|Mixed Platforms.Build.0 = Release|x86
		{30030704-F957-4F3D-9C9A-5168688441D9}.Release|Mixed Platforms.Deploy.0 = Release|x86
		{30030704-F957-4F3D-9C9A-5168688441D9}.Release|x64.ActiveCfg = Release|x64
		{30030704-F957-4F3D-9C9A-5168688441D9}.Release|x64.Build.0 = Release|x64
		{30030704-F957-4F3D-9C9A-5168688441D9}.Release|x64.Deploy.0 = Release|x64
		{30030704-F957-4F3D-9C9A-5168688441D9}.Release|x86.ActiveCfg = Release|x86
		{30030704-F957-4F3D-9C9A-5168688441D9}.Release|x86.Build.0 = Release|x86
		{30030704-F957-4F3D-9C9A-5168688441D9}.Release|x86.Deploy.0 = Release|x86
		{99059E7A-2890-4B1D-B3BD-6F7C05D9C5A1}.Ad-Hoc|Any CPU.ActiveCfg = Release|Any CPU
		{99059E7A-2890-4B1D-B3BD-6F7C05D9C5A1}.Ad-Hoc|Any CPU.Build.0 = Release|Any CPU
		{99059E7A-2890-4B1D-B3BD-6F7C05D9C5A1}.Ad-Hoc|Any CPU.Deploy.0 = Release|Any CPU
		{99059E7A-2890-4B1D-B3BD-6F7C05D9C5A1}.Ad-Hoc|ARM.ActiveCfg = Release|Any CPU
		{99059E7A-2890-4B1D-B3BD-6F7C05D9C5A1}.Ad-Hoc|iPhone.ActiveCfg = Release|Any CPU
		{99059E7A-2890-4B1D-B3BD-6F7C05D9C5A1}.Ad-Hoc|iPhoneSimulator.ActiveCfg = Release|Any CPU
		{99059E7A-2890-4B1D-B3BD-6F7C05D9C5A1}.Ad-Hoc|Mixed Platforms.ActiveCfg = Release|Any CPU
		{99059E7A-2890-4B1D-B3BD-6F7C05D9C5A1}.Ad-Hoc|Mixed Platforms.Build.0 = Release|Any CPU
		{99059E7A-2890-4B1D-B3BD-6F7C05D9C5A1}.Ad-Hoc|Mixed Platforms.Deploy.0 = Release|Any CPU
		{99059E7A-2890-4B1D-B3BD-6F7C05D9C5A1}.Ad-Hoc|x64.ActiveCfg = Release|Any CPU
		{99059E7A-2890-4B1D-B3BD-6F7C05D9C5A1}.Ad-Hoc|x86.ActiveCfg = Release|Any CPU
		{99059E7A-2890-4B1D-B3BD-6F7C05D9C5A1}.AppStore|Any CPU.ActiveCfg = Release|Any CPU
		{99059E7A-2890-4B1D-B3BD-6F7C05D9C5A1}.AppStore|Any CPU.Build.0 = Release|Any CPU
		{99059E7A-2890-4B1D-B3BD-6F7C05D9C5A1}.AppStore|Any CPU.Deploy.0 = Release|Any CPU
		{99059E7A-2890-4B1D-B3BD-6F7C05D9C5A1}.AppStore|ARM.ActiveCfg = Release|Any CPU
		{99059E7A-2890-4B1D-B3BD-6F7C05D9C5A1}.AppStore|iPhone.ActiveCfg = Release|Any CPU
		{99059E7A-2890-4B1D-B3BD-6F7C05D9C5A1}.AppStore|iPhoneSimulator.ActiveCfg = Release|Any CPU
		{99059E7A-2890-4B1D-B3BD-6F7C05D9C5A1}.AppStore|Mixed Platforms.ActiveCfg = Release|Any CPU
		{99059E7A-2890-4B1D-B3BD-6F7C05D9C5A1}.AppStore|Mixed Platforms.Build.0 = Release|Any CPU
		{99059E7A-2890-4B1D-B3BD-6F7C05D9C5A1}.AppStore|Mixed Platforms.Deploy.0 = Release|Any CPU
		{99059E7A-2890-4B1D-B3BD-6F7C05D9C5A1}.AppStore|x64.ActiveCfg = Release|Any CPU
		{99059E7A-2890-4B1D-B3BD-6F7C05D9C5A1}.AppStore|x86.ActiveCfg = Release|Any CPU
		{99059E7A-2890-4B1D-B3BD-6F7C05D9C5A1}.Debug|Any CPU.ActiveCfg = Debug|Any CPU
		{99059E7A-2890-4B1D-B3BD-6F7C05D9C5A1}.Debug|Any CPU.Build.0 = Debug|Any CPU
		{99059E7A-2890-4B1D-B3BD-6F7C05D9C5A1}.Debug|Any CPU.Deploy.0 = Debug|Any CPU
		{99059E7A-2890-4B1D-B3BD-6F7C05D9C5A1}.Debug|ARM.ActiveCfg = Debug|Any CPU
		{99059E7A-2890-4B1D-B3BD-6F7C05D9C5A1}.Debug|iPhone.ActiveCfg = Debug|Any CPU
		{99059E7A-2890-4B1D-B3BD-6F7C05D9C5A1}.Debug|iPhoneSimulator.ActiveCfg = Debug|Any CPU
		{99059E7A-2890-4B1D-B3BD-6F7C05D9C5A1}.Debug|Mixed Platforms.ActiveCfg = Debug|Any CPU
		{99059E7A-2890-4B1D-B3BD-6F7C05D9C5A1}.Debug|Mixed Platforms.Build.0 = Debug|Any CPU
		{99059E7A-2890-4B1D-B3BD-6F7C05D9C5A1}.Debug|Mixed Platforms.Deploy.0 = Debug|Any CPU
		{99059E7A-2890-4B1D-B3BD-6F7C05D9C5A1}.Debug|x64.ActiveCfg = Debug|Any CPU
		{99059E7A-2890-4B1D-B3BD-6F7C05D9C5A1}.Debug|x86.ActiveCfg = Debug|Any CPU
		{99059E7A-2890-4B1D-B3BD-6F7C05D9C5A1}.Release|Any CPU.ActiveCfg = Release|Any CPU
		{99059E7A-2890-4B1D-B3BD-6F7C05D9C5A1}.Release|Any CPU.Build.0 = Release|Any CPU
		{99059E7A-2890-4B1D-B3BD-6F7C05D9C5A1}.Release|Any CPU.Deploy.0 = Release|Any CPU
		{99059E7A-2890-4B1D-B3BD-6F7C05D9C5A1}.Release|ARM.ActiveCfg = Release|Any CPU
		{99059E7A-2890-4B1D-B3BD-6F7C05D9C5A1}.Release|iPhone.ActiveCfg = Release|Any CPU
		{99059E7A-2890-4B1D-B3BD-6F7C05D9C5A1}.Release|iPhoneSimulator.ActiveCfg = Release|Any CPU
		{99059E7A-2890-4B1D-B3BD-6F7C05D9C5A1}.Release|Mixed Platforms.ActiveCfg = Release|Any CPU
		{99059E7A-2890-4B1D-B3BD-6F7C05D9C5A1}.Release|Mixed Platforms.Build.0 = Release|Any CPU
		{99059E7A-2890-4B1D-B3BD-6F7C05D9C5A1}.Release|Mixed Platforms.Deploy.0 = Release|Any CPU
		{99059E7A-2890-4B1D-B3BD-6F7C05D9C5A1}.Release|x64.ActiveCfg = Release|Any CPU
		{99059E7A-2890-4B1D-B3BD-6F7C05D9C5A1}.Release|x86.ActiveCfg = Release|Any CPU
		{51E5A2E8-A8CE-42D0-A445-EE8B43E08B76}.Ad-Hoc|Any CPU.ActiveCfg = Ad-Hoc|iPhone
		{51E5A2E8-A8CE-42D0-A445-EE8B43E08B76}.Ad-Hoc|ARM.ActiveCfg = Ad-Hoc|iPhone
		{51E5A2E8-A8CE-42D0-A445-EE8B43E08B76}.Ad-Hoc|iPhone.ActiveCfg = Ad-Hoc|iPhone
		{51E5A2E8-A8CE-42D0-A445-EE8B43E08B76}.Ad-Hoc|iPhone.Build.0 = Ad-Hoc|iPhone
		{51E5A2E8-A8CE-42D0-A445-EE8B43E08B76}.Ad-Hoc|iPhone.Deploy.0 = Ad-Hoc|iPhone
		{51E5A2E8-A8CE-42D0-A445-EE8B43E08B76}.Ad-Hoc|iPhoneSimulator.ActiveCfg = Ad-Hoc|iPhoneSimulator
		{51E5A2E8-A8CE-42D0-A445-EE8B43E08B76}.Ad-Hoc|iPhoneSimulator.Build.0 = Ad-Hoc|iPhoneSimulator
		{51E5A2E8-A8CE-42D0-A445-EE8B43E08B76}.Ad-Hoc|iPhoneSimulator.Deploy.0 = Ad-Hoc|iPhoneSimulator
		{51E5A2E8-A8CE-42D0-A445-EE8B43E08B76}.Ad-Hoc|Mixed Platforms.ActiveCfg = Ad-Hoc|iPhone
		{51E5A2E8-A8CE-42D0-A445-EE8B43E08B76}.Ad-Hoc|Mixed Platforms.Build.0 = Ad-Hoc|iPhone
		{51E5A2E8-A8CE-42D0-A445-EE8B43E08B76}.Ad-Hoc|Mixed Platforms.Deploy.0 = Ad-Hoc|iPhone
		{51E5A2E8-A8CE-42D0-A445-EE8B43E08B76}.Ad-Hoc|x64.ActiveCfg = Ad-Hoc|iPhone
		{51E5A2E8-A8CE-42D0-A445-EE8B43E08B76}.Ad-Hoc|x86.ActiveCfg = Ad-Hoc|iPhone
		{51E5A2E8-A8CE-42D0-A445-EE8B43E08B76}.AppStore|Any CPU.ActiveCfg = AppStore|iPhone
		{51E5A2E8-A8CE-42D0-A445-EE8B43E08B76}.AppStore|ARM.ActiveCfg = AppStore|iPhone
		{51E5A2E8-A8CE-42D0-A445-EE8B43E08B76}.AppStore|iPhone.ActiveCfg = AppStore|iPhone
		{51E5A2E8-A8CE-42D0-A445-EE8B43E08B76}.AppStore|iPhone.Build.0 = AppStore|iPhone
		{51E5A2E8-A8CE-42D0-A445-EE8B43E08B76}.AppStore|iPhone.Deploy.0 = AppStore|iPhone
		{51E5A2E8-A8CE-42D0-A445-EE8B43E08B76}.AppStore|iPhoneSimulator.ActiveCfg = AppStore|iPhoneSimulator
		{51E5A2E8-A8CE-42D0-A445-EE8B43E08B76}.AppStore|iPhoneSimulator.Build.0 = AppStore|iPhoneSimulator
		{51E5A2E8-A8CE-42D0-A445-EE8B43E08B76}.AppStore|iPhoneSimulator.Deploy.0 = AppStore|iPhoneSimulator
		{51E5A2E8-A8CE-42D0-A445-EE8B43E08B76}.AppStore|Mixed Platforms.ActiveCfg = AppStore|iPhone
		{51E5A2E8-A8CE-42D0-A445-EE8B43E08B76}.AppStore|Mixed Platforms.Build.0 = AppStore|iPhone
		{51E5A2E8-A8CE-42D0-A445-EE8B43E08B76}.AppStore|Mixed Platforms.Deploy.0 = AppStore|iPhone
		{51E5A2E8-A8CE-42D0-A445-EE8B43E08B76}.AppStore|x64.ActiveCfg = AppStore|iPhone
		{51E5A2E8-A8CE-42D0-A445-EE8B43E08B76}.AppStore|x86.ActiveCfg = AppStore|iPhone
		{51E5A2E8-A8CE-42D0-A445-EE8B43E08B76}.Debug|Any CPU.ActiveCfg = Debug|iPhone
		{51E5A2E8-A8CE-42D0-A445-EE8B43E08B76}.Debug|ARM.ActiveCfg = Debug|iPhone
		{51E5A2E8-A8CE-42D0-A445-EE8B43E08B76}.Debug|iPhone.ActiveCfg = Debug|iPhone
		{51E5A2E8-A8CE-42D0-A445-EE8B43E08B76}.Debug|iPhone.Build.0 = Debug|iPhone
		{51E5A2E8-A8CE-42D0-A445-EE8B43E08B76}.Debug|iPhone.Deploy.0 = Debug|iPhone
		{51E5A2E8-A8CE-42D0-A445-EE8B43E08B76}.Debug|iPhoneSimulator.ActiveCfg = Debug|iPhoneSimulator
		{51E5A2E8-A8CE-42D0-A445-EE8B43E08B76}.Debug|iPhoneSimulator.Build.0 = Debug|iPhoneSimulator
		{51E5A2E8-A8CE-42D0-A445-EE8B43E08B76}.Debug|iPhoneSimulator.Deploy.0 = Debug|iPhoneSimulator
		{51E5A2E8-A8CE-42D0-A445-EE8B43E08B76}.Debug|Mixed Platforms.ActiveCfg = Debug|iPhone
		{51E5A2E8-A8CE-42D0-A445-EE8B43E08B76}.Debug|Mixed Platforms.Build.0 = Debug|iPhone
		{51E5A2E8-A8CE-42D0-A445-EE8B43E08B76}.Debug|Mixed Platforms.Deploy.0 = Debug|iPhone
		{51E5A2E8-A8CE-42D0-A445-EE8B43E08B76}.Debug|x64.ActiveCfg = Debug|iPhone
		{51E5A2E8-A8CE-42D0-A445-EE8B43E08B76}.Debug|x86.ActiveCfg = Debug|iPhone
		{51E5A2E8-A8CE-42D0-A445-EE8B43E08B76}.Release|Any CPU.ActiveCfg = Release|iPhone
		{51E5A2E8-A8CE-42D0-A445-EE8B43E08B76}.Release|ARM.ActiveCfg = Release|iPhone
		{51E5A2E8-A8CE-42D0-A445-EE8B43E08B76}.Release|iPhone.ActiveCfg = Release|iPhone
		{51E5A2E8-A8CE-42D0-A445-EE8B43E08B76}.Release|iPhone.Build.0 = Release|iPhone
		{51E5A2E8-A8CE-42D0-A445-EE8B43E08B76}.Release|iPhone.Deploy.0 = Release|iPhone
		{51E5A2E8-A8CE-42D0-A445-EE8B43E08B76}.Release|iPhoneSimulator.ActiveCfg = Release|iPhoneSimulator
		{51E5A2E8-A8CE-42D0-A445-EE8B43E08B76}.Release|iPhoneSimulator.Build.0 = Release|iPhoneSimulator
		{51E5A2E8-A8CE-42D0-A445-EE8B43E08B76}.Release|iPhoneSimulator.Deploy.0 = Release|iPhoneSimulator
		{51E5A2E8-A8CE-42D0-A445-EE8B43E08B76}.Release|Mixed Platforms.ActiveCfg = Release|iPhone
		{51E5A2E8-A8CE-42D0-A445-EE8B43E08B76}.Release|Mixed Platforms.Build.0 = Release|iPhone
		{51E5A2E8-A8CE-42D0-A445-EE8B43E08B76}.Release|Mixed Platforms.Deploy.0 = Release|iPhone
		{51E5A2E8-A8CE-42D0-A445-EE8B43E08B76}.Release|x64.ActiveCfg = Release|iPhone
		{51E5A2E8-A8CE-42D0-A445-EE8B43E08B76}.Release|x86.ActiveCfg = Release|iPhone
	EndGlobalSection
	GlobalSection(SolutionProperties) = preSolution
		HideSolutionNode = FALSE
	EndGlobalSection
EndGlobal
