
Microsoft Visual Studio Solution File, Format Version 11.00
# Visual Studio 2010
Project("{FAE04EC0-301F-11D3-BF4B-00C04F79EFBC}") = "PrebuiltAppTheme.iOS", "PrebuiltAppTheme.iOS\PrebuiltAppTheme.iOS.csproj", "{78EC813C-4567-4ECC-A627-5B45C3761F81}"
EndProject
Global
	GlobalSection(SolutionConfigurationPlatforms) = preSolution
		Debug|Any CPU = Debug|Any CPU
		Release|Any CPU = Release|Any CPU
	EndGlobalSection
	GlobalSection(ProjectConfigurationPlatforms) = postSolution
		{78EC813C-4567-4ECC-A627-5B45C3761F81}.Debug|Any CPU.ActiveCfg = Debug|Any CPU
		{78EC813C-4567-4ECC-A627-5B45C3761F81}.Debug|Any CPU.Build.0 = Debug|Any CPU
		{78EC813C-4567-4ECC-A627-5B45C3761F81}.Release|Any CPU.ActiveCfg = Release|Any CPU
		{78EC813C-4567-4ECC-A627-5B45C3761F81}.Release|Any CPU.Build.0 = Release|Any CPU
	EndGlobalSection
	GlobalSection(MonoDevelopProperties) = preSolution
		StartupItem = PrebuiltAppTheme.iOS\PrebuiltAppTheme.iOS.csproj
	EndGlobalSection
EndGlobal
