
Microsoft Visual Studio Solution File, Format Version 11.00
# Visual Studio 2010 Express for Windows Phone
Project("{FAE04EC0-301F-11D3-BF4B-00C04F79EFBC}") = "EmployeeDirectory.WinPhone", "EmployeeDirectory.WinPhone\EmployeeDirectory.WinPhone.csproj", "{350E1810-3B6D-4B60-9762-9D9FDAD75B67}"
EndProject
Global
	GlobalSection(SolutionConfigurationPlatforms) = preSolution
		Debug|Any CPU = Debug|Any CPU
		Release|Any CPU = Release|Any CPU
	EndGlobalSection
	GlobalSection(ProjectConfigurationPlatforms) = postSolution
		{350E1810-3B6D-4B60-9762-9D9FDAD75B67}.Debug|Any CPU.ActiveCfg = Debug|Any CPU
		{350E1810-3B6D-4B60-9762-9D9FDAD75B67}.Debug|Any CPU.Build.0 = Debug|Any CPU
		{350E1810-3B6D-4B60-9762-9D9FDAD75B67}.Debug|Any CPU.Deploy.0 = Debug|Any CPU
		{350E1810-3B6D-4B60-9762-9D9FDAD75B67}.Release|Any CPU.ActiveCfg = Release|Any CPU
		{350E1810-3B6D-4B60-9762-9D9FDAD75B67}.Release|Any CPU.Build.0 = Release|Any CPU
		{350E1810-3B6D-4B60-9762-9D9FDAD75B67}.Release|Any CPU.Deploy.0 = Release|Any CPU
	EndGlobalSection
	GlobalSection(SolutionProperties) = preSolution
		HideSolutionNode = FALSE
	EndGlobalSection
EndGlobal
