
Microsoft Visual Studio Solution File, Format Version 12.00
# Visual Studio 2012
Project("{FAE04EC0-301F-11D3-BF4B-00C04F79EFBC}") = "EmployeeDirectory", "EmployeeDirectory\EmployeeDirectory.csproj", "{647E7295-2DAB-4C3B-8CA5-86C60AF89B1A}"
EndProject
Project("{FAE04EC0-301F-11D3-BF4B-00C04F79EFBC}") = "EmployeeDirectory.Android", "EmployeeDirectory.Android\EmployeeDirectory.Android.csproj", "{1F970077-7126-4E41-901F-DDEE795B32FC}"
EndProject
Project("{FAE04EC0-301F-11D3-BF4B-00C04F79EFBC}") = "Novell.Directory.Ldap", "Dependencies\Novell.Directory.Ldap\Novell.Directory.Ldap.csproj", "{D19A2CFE-A904-48E3-B68F-F4BE77FF3793}"
EndProject
Global
	GlobalSection(SolutionConfigurationPlatforms) = preSolution
		Ad-Hoc|Any CPU = Ad-Hoc|Any CPU
		Ad-Hoc|iPhone = Ad-Hoc|iPhone
		Ad-Hoc|iPhoneSimulator = Ad-Hoc|iPhoneSimulator
		AppStore|Any CPU = AppStore|Any CPU
		AppStore|iPhone = AppStore|iPhone
		AppStore|iPhoneSimulator = AppStore|iPhoneSimulator
		Debug|Any CPU = Debug|Any CPU
		Debug|iPhone = Debug|iPhone
		Debug|iPhoneSimulator = Debug|iPhoneSimulator
		Release|Any CPU = Release|Any CPU
		Release|iPhone = Release|iPhone
		Release|iPhoneSimulator = Release|iPhoneSimulator
	EndGlobalSection
	GlobalSection(ProjectConfigurationPlatforms) = postSolution
		{647E7295-2DAB-4C3B-8CA5-86C60AF89B1A}.Ad-Hoc|Any CPU.ActiveCfg = Release|Any CPU
		{647E7295-2DAB-4C3B-8CA5-86C60AF89B1A}.Ad-Hoc|iPhone.ActiveCfg = Debug|Any CPU
		{647E7295-2DAB-4C3B-8CA5-86C60AF89B1A}.Ad-Hoc|iPhone.Build.0 = Debug|Any CPU
		{647E7295-2DAB-4C3B-8CA5-86C60AF89B1A}.Ad-Hoc|iPhoneSimulator.ActiveCfg = Release|Any CPU
		{647E7295-2DAB-4C3B-8CA5-86C60AF89B1A}.AppStore|Any CPU.ActiveCfg = Release|Any CPU
		{647E7295-2DAB-4C3B-8CA5-86C60AF89B1A}.AppStore|iPhone.ActiveCfg = Debug|Any CPU
		{647E7295-2DAB-4C3B-8CA5-86C60AF89B1A}.AppStore|iPhone.Build.0 = Debug|Any CPU
		{647E7295-2DAB-4C3B-8CA5-86C60AF89B1A}.AppStore|iPhoneSimulator.ActiveCfg = Release|Any CPU
		{647E7295-2DAB-4C3B-8CA5-86C60AF89B1A}.Debug|Any CPU.ActiveCfg = Debug|Any CPU
		{647E7295-2DAB-4C3B-8CA5-86C60AF89B1A}.Debug|Any CPU.Build.0 = Debug|Any CPU
		{647E7295-2DAB-4C3B-8CA5-86C60AF89B1A}.Debug|iPhone.ActiveCfg = Debug|Any CPU
		{647E7295-2DAB-4C3B-8CA5-86C60AF89B1A}.Debug|iPhone.Build.0 = Debug|Any CPU
		{647E7295-2DAB-4C3B-8CA5-86C60AF89B1A}.Debug|iPhoneSimulator.ActiveCfg = Debug|Any CPU
		{647E7295-2DAB-4C3B-8CA5-86C60AF89B1A}.Debug|iPhoneSimulator.Build.0 = Debug|Any CPU
		{647E7295-2DAB-4C3B-8CA5-86C60AF89B1A}.Release|Any CPU.ActiveCfg = Release|Any CPU
		{647E7295-2DAB-4C3B-8CA5-86C60AF89B1A}.Release|Any CPU.Build.0 = Release|Any CPU
		{647E7295-2DAB-4C3B-8CA5-86C60AF89B1A}.Release|iPhone.ActiveCfg = Release|Any CPU
		{647E7295-2DAB-4C3B-8CA5-86C60AF89B1A}.Release|iPhone.Build.0 = Release|Any CPU
		{647E7295-2DAB-4C3B-8CA5-86C60AF89B1A}.Release|iPhoneSimulator.ActiveCfg = Release|Any CPU
		{647E7295-2DAB-4C3B-8CA5-86C60AF89B1A}.Release|iPhoneSimulator.Build.0 = Release|Any CPU
		{1F970077-7126-4E41-901F-DDEE795B32FC}.Ad-Hoc|Any CPU.ActiveCfg = Release|Any CPU
		{1F970077-7126-4E41-901F-DDEE795B32FC}.Ad-Hoc|iPhone.ActiveCfg = Debug|Any CPU
		{1F970077-7126-4E41-901F-DDEE795B32FC}.Ad-Hoc|iPhone.Build.0 = Debug|Any CPU
		{1F970077-7126-4E41-901F-DDEE795B32FC}.Ad-Hoc|iPhoneSimulator.ActiveCfg = Release|Any CPU
		{1F970077-7126-4E41-901F-DDEE795B32FC}.AppStore|Any CPU.ActiveCfg = Release|Any CPU
		{1F970077-7126-4E41-901F-DDEE795B32FC}.AppStore|iPhone.ActiveCfg = Debug|Any CPU
		{1F970077-7126-4E41-901F-DDEE795B32FC}.AppStore|iPhone.Build.0 = Debug|Any CPU
		{1F970077-7126-4E41-901F-DDEE795B32FC}.AppStore|iPhoneSimulator.ActiveCfg = Release|Any CPU
		{1F970077-7126-4E41-901F-DDEE795B32FC}.Debug|Any CPU.ActiveCfg = Debug|Any CPU
		{1F970077-7126-4E41-901F-DDEE795B32FC}.Debug|Any CPU.Build.0 = Debug|Any CPU
		{1F970077-7126-4E41-901F-DDEE795B32FC}.Debug|Any CPU.Deploy.0 = Debug|Any CPU
		{1F970077-7126-4E41-901F-DDEE795B32FC}.Debug|iPhone.ActiveCfg = Debug|Any CPU
		{1F970077-7126-4E41-901F-DDEE795B32FC}.Debug|iPhone.Build.0 = Debug|Any CPU
		{1F970077-7126-4E41-901F-DDEE795B32FC}.Debug|iPhoneSimulator.ActiveCfg = Debug|Any CPU
		{1F970077-7126-4E41-901F-DDEE795B32FC}.Debug|iPhoneSimulator.Build.0 = Debug|Any CPU
		{1F970077-7126-4E41-901F-DDEE795B32FC}.Release|Any CPU.ActiveCfg = Release|Any CPU
		{1F970077-7126-4E41-901F-DDEE795B32FC}.Release|Any CPU.Build.0 = Release|Any CPU
		{1F970077-7126-4E41-901F-DDEE795B32FC}.Release|iPhone.ActiveCfg = Release|Any CPU
		{1F970077-7126-4E41-901F-DDEE795B32FC}.Release|iPhone.Build.0 = Release|Any CPU
		{1F970077-7126-4E41-901F-DDEE795B32FC}.Release|iPhoneSimulator.ActiveCfg = Release|Any CPU
		{1F970077-7126-4E41-901F-DDEE795B32FC}.Release|iPhoneSimulator.Build.0 = Release|Any CPU
		{D19A2CFE-A904-48E3-B68F-F4BE77FF3793}.Ad-Hoc|Any CPU.ActiveCfg = Release|Any CPU
		{D19A2CFE-A904-48E3-B68F-F4BE77FF3793}.Ad-Hoc|Any CPU.Build.0 = Release|Any CPU
		{D19A2CFE-A904-48E3-B68F-F4BE77FF3793}.Ad-Hoc|iPhone.ActiveCfg = Release|Any CPU
		{D19A2CFE-A904-48E3-B68F-F4BE77FF3793}.Ad-Hoc|iPhoneSimulator.ActiveCfg = Release|Any CPU
		{D19A2CFE-A904-48E3-B68F-F4BE77FF3793}.AppStore|Any CPU.ActiveCfg = Release|Any CPU
		{D19A2CFE-A904-48E3-B68F-F4BE77FF3793}.AppStore|Any CPU.Build.0 = Release|Any CPU
		{D19A2CFE-A904-48E3-B68F-F4BE77FF3793}.AppStore|iPhone.ActiveCfg = Release|Any CPU
		{D19A2CFE-A904-48E3-B68F-F4BE77FF3793}.AppStore|iPhoneSimulator.ActiveCfg = Release|Any CPU
		{D19A2CFE-A904-48E3-B68F-F4BE77FF3793}.Debug|Any CPU.ActiveCfg = Debug|Any CPU
		{D19A2CFE-A904-48E3-B68F-F4BE77FF3793}.Debug|Any CPU.Build.0 = Debug|Any CPU
		{D19A2CFE-A904-48E3-B68F-F4BE77FF3793}.Debug|iPhone.ActiveCfg = Debug|Any CPU
		{D19A2CFE-A904-48E3-B68F-F4BE77FF3793}.Debug|iPhoneSimulator.ActiveCfg = Debug|Any CPU
		{D19A2CFE-A904-48E3-B68F-F4BE77FF3793}.Release|Any CPU.ActiveCfg = Release|Any CPU
		{D19A2CFE-A904-48E3-B68F-F4BE77FF3793}.Release|Any CPU.Build.0 = Release|Any CPU
		{D19A2CFE-A904-48E3-B68F-F4BE77FF3793}.Release|iPhone.ActiveCfg = Release|Any CPU
		{D19A2CFE-A904-48E3-B68F-F4BE77FF3793}.Release|iPhoneSimulator.ActiveCfg = Release|Any CPU
	EndGlobalSection
	GlobalSection(SolutionProperties) = preSolution
		HideSolutionNode = FALSE
	EndGlobalSection
	GlobalSection(MonoDevelopProperties) = preSolution
		StartupItem = EmployeeDirectory.Android\EmployeeDirectory.Android.csproj
		Policies = $0
		$0.StandardHeader = $1
		$1.Text = @\n Copyright ${Year}  ${CopyrightHolder}\n\n   Licensed under the Apache License, Version 2.0 (the "License");\n   you may not use this file except in compliance with the License.\n   You may obtain a copy of the License at\n\n       http://www.apache.org/licenses/LICENSE-2.0\n\n   Unless required by applicable law or agreed to in writing, software\n   distributed under the License is distributed on an "AS IS" BASIS,\n   WITHOUT WARRANTIES OR CONDITIONS OF ANY KIND, either express or implied.\n   See the License for the specific language governing permissions and\n   limitations under the License.
		$1.IncludeInNewFiles = True
	EndGlobalSection
EndGlobal
